
Microsoft Visual Studio Solution File, Format Version 12.00
# Visual Studio Version 17
VisualStudioVersion = 17.0.31903.59
MinimumVisualStudioVersion = 10.0.40219.1
Project("{9A19103F-16F7-4668-BE54-9A1E7A4F7556}") = "SplendidCRM.Core", "src\SplendidCRM.Core\SplendidCRM.Core.csproj", "{ACCF1B71-233C-4CC6-8944-0F71C4564F43}"
EndProject
Project("{9A19103F-16F7-4668-BE54-9A1E7A4F7556}") = "SplendidCRM.Web", "src\SplendidCRM.Web\SplendidCRM.Web.csproj", "{4AD9C4D9-E66A-495F-9D4D-C082D45782DB}"
EndProject
Global
	GlobalSection(SolutionConfigurationPlatforms) = preSolution
		Debug|Any CPU = Debug|Any CPU
		Release|Any CPU = Release|Any CPU
	EndGlobalSection
	GlobalSection(ProjectConfigurationPlatforms) = postSolution
		{ACCF1B71-233C-4CC6-8944-0F71C4564F43}.Debug|Any CPU.ActiveCfg = Debug|Any CPU
		{ACCF1B71-233C-4CC6-8944-0F71C4564F43}.Debug|Any CPU.Build.0 = Debug|Any CPU
		{ACCF1B71-233C-4CC6-8944-0F71C4564F43}.Release|Any CPU.ActiveCfg = Release|Any CPU
		{ACCF1B71-233C-4CC6-8944-0F71C4564F43}.Release|Any CPU.Build.0 = Release|Any CPU
		{4AD9C4D9-E66A-495F-9D4D-C082D45782DB}.Debug|Any CPU.ActiveCfg = Debug|Any CPU
		{4AD9C4D9-E66A-495F-9D4D-C082D45782DB}.Debug|Any CPU.Build.0 = Debug|Any CPU
		{4AD9C4D9-E66A-495F-9D4D-C082D45782DB}.Release|Any CPU.ActiveCfg = Release|Any CPU
		{4AD9C4D9-E66A-495F-9D4D-C082D45782DB}.Release|Any CPU.Build.0 = Release|Any CPU
	EndGlobalSection
	GlobalSection(SolutionProperties) = preSolution
		HideSolutionNode = FALSE
	EndGlobalSection
EndGlobal
